
Microsoft Visual Studio Solution File, Format Version 12.00
# Visual Studio Version 17
VisualStudioVersion = 17.2.32616.157
MinimumVisualStudioVersion = 10.0.40219.1
Project("{9A19103F-16F7-4668-BE54-9A1E7A4F7556}") = "Counter Strike Server", "Counter Strike Server\Counter Strike Server.csproj", "{9B4F906C-9894-4F92-9626-D104DCFCCA94}"
EndProject
Project("{2150E333-8FDC-42A3-9474-1A3956D46DE8}") = "Solution Items", "Solution Items", "{76FD8446-66F1-40C6-B2DB-6BF3B7072D8C}"
	ProjectSection(SolutionItems) = preProject
		.editorconfig = .editorconfig
	EndProjectSection
EndProject
Global
	GlobalSection(SolutionConfigurationPlatforms) = preSolution
		Debug|Any CPU = Debug|Any CPU
		Release|Any CPU = Release|Any CPU
	EndGlobalSection
	GlobalSection(ProjectConfigurationPlatforms) = postSolution
		{9B4F906C-9894-4F92-9626-D104DCFCCA94}.Debug|Any CPU.ActiveCfg = Debug|Any CPU
		{9B4F906C-9894-4F92-9626-D104DCFCCA94}.Debug|Any CPU.Build.0 = Debug|Any CPU
		{9B4F906C-9894-4F92-9626-D104DCFCCA94}.Release|Any CPU.ActiveCfg = Release|Any CPU
		{9B4F906C-9894-4F92-9626-D104DCFCCA94}.Release|Any CPU.Build.0 = Release|Any CPU
	EndGlobalSection
	GlobalSection(SolutionProperties) = preSolution
		HideSolutionNode = FALSE
	EndGlobalSection
	GlobalSection(ExtensibilityGlobals) = postSolution
		SolutionGuid = {DB01093C-247E-4B5F-9366-851A71DE00CF}
	EndGlobalSection
EndGlobal
